
Microsoft Visual Studio Solution File, Format Version 12.00
# Visual Studio Version 17
VisualStudioVersion = 17.11.35222.181
MinimumVisualStudioVersion = 10.0.40219.1
Project("{9A19103F-16F7-4668-BE54-9A1E7A4F7556}") = "Api-School-1", "Api-School-1\Api-School-1.csproj", "{CBAC342C-6720-46E9-90BF-200461885E7D}"
EndProject
Project("{FAE04EC0-301F-11D3-BF4B-00C04F79EFBC}") = "School-WebApi", "School-WebApi\School-WebApi.csproj", "{BB04FAE0-34EF-4CF9-9D35-6D33BFCDC6D9}"
EndProject
Global
	GlobalSection(SolutionConfigurationPlatforms) = preSolution
		Debug|Any CPU = Debug|Any CPU
		Release|Any CPU = Release|Any CPU
	EndGlobalSection
	GlobalSection(ProjectConfigurationPlatforms) = postSolution
		{CBAC342C-6720-46E9-90BF-200461885E7D}.Debug|Any CPU.ActiveCfg = Debug|Any CPU
		{CBAC342C-6720-46E9-90BF-200461885E7D}.Debug|Any CPU.Build.0 = Debug|Any CPU
		{CBAC342C-6720-46E9-90BF-200461885E7D}.Release|Any CPU.ActiveCfg = Release|Any CPU
		{CBAC342C-6720-46E9-90BF-200461885E7D}.Release|Any CPU.Build.0 = Release|Any CPU
		{BB04FAE0-34EF-4CF9-9D35-6D33BFCDC6D9}.Debug|Any CPU.ActiveCfg = Debug|Any CPU
		{BB04FAE0-34EF-4CF9-9D35-6D33BFCDC6D9}.Debug|Any CPU.Build.0 = Debug|Any CPU
		{BB04FAE0-34EF-4CF9-9D35-6D33BFCDC6D9}.Release|Any CPU.ActiveCfg = Release|Any CPU
		{BB04FAE0-34EF-4CF9-9D35-6D33BFCDC6D9}.Release|Any CPU.Build.0 = Release|Any CPU
	EndGlobalSection
	GlobalSection(SolutionProperties) = preSolution
		HideSolutionNode = FALSE
	EndGlobalSection
	GlobalSection(ExtensibilityGlobals) = postSolution
		SolutionGuid = {9BDD2533-17A5-4011-8D35-E03F63289E88}
	EndGlobalSection
EndGlobal
